
Microsoft Visual Studio Solution File, Format Version 12.00
# Visual Studio 15
VisualStudioVersion = 15.0.28307.1209
MinimumVisualStudioVersion = 10.0.40219.1
Project("{FAE04EC0-301F-11D3-BF4B-00C04F79EFBC}") = "ShoppingCenter.Api", "ShoppingCenter.Api\ShoppingCenter.Api.csproj", "{528FF1F3-B1A7-477A-97CF-5DBE4636BB36}"
EndProject
Project("{FAE04EC0-301F-11D3-BF4B-00C04F79EFBC}") = "ShoppingCenter.InfraStructure", "ShoppingCenter.InfraStructure\ShoppingCenter.InfraStructure.csproj", "{BCB1BA3A-A0D8-42E5-B43A-5AD2D742A3A7}"
EndProject
Project("{9A19103F-16F7-4668-BE54-9A1E7A4F7556}") = "Core.DependencyInjection", "Core.DependencyInjection\Core.DependencyInjection.csproj", "{17DB63B5-2C16-435B-8917-484997BD4D63}"
EndProject
Global
	GlobalSection(SolutionConfigurationPlatforms) = preSolution
		Debug|Any CPU = Debug|Any CPU
		Release|Any CPU = Release|Any CPU
	EndGlobalSection
	GlobalSection(ProjectConfigurationPlatforms) = postSolution
		{528FF1F3-B1A7-477A-97CF-5DBE4636BB36}.Debug|Any CPU.ActiveCfg = Debug|Any CPU
		{528FF1F3-B1A7-477A-97CF-5DBE4636BB36}.Debug|Any CPU.Build.0 = Debug|Any CPU
		{528FF1F3-B1A7-477A-97CF-5DBE4636BB36}.Release|Any CPU.ActiveCfg = Release|Any CPU
		{528FF1F3-B1A7-477A-97CF-5DBE4636BB36}.Release|Any CPU.Build.0 = Release|Any CPU
		{BCB1BA3A-A0D8-42E5-B43A-5AD2D742A3A7}.Debug|Any CPU.ActiveCfg = Debug|Any CPU
		{BCB1BA3A-A0D8-42E5-B43A-5AD2D742A3A7}.Debug|Any CPU.Build.0 = Debug|Any CPU
		{BCB1BA3A-A0D8-42E5-B43A-5AD2D742A3A7}.Release|Any CPU.ActiveCfg = Release|Any CPU
		{BCB1BA3A-A0D8-42E5-B43A-5AD2D742A3A7}.Release|Any CPU.Build.0 = Release|Any CPU
		{17DB63B5-2C16-435B-8917-484997BD4D63}.Debug|Any CPU.ActiveCfg = Debug|Any CPU
		{17DB63B5-2C16-435B-8917-484997BD4D63}.Debug|Any CPU.Build.0 = Debug|Any CPU
		{17DB63B5-2C16-435B-8917-484997BD4D63}.Release|Any CPU.ActiveCfg = Release|Any CPU
		{17DB63B5-2C16-435B-8917-484997BD4D63}.Release|Any CPU.Build.0 = Release|Any CPU
	EndGlobalSection
	GlobalSection(SolutionProperties) = preSolution
		HideSolutionNode = FALSE
	EndGlobalSection
	GlobalSection(ExtensibilityGlobals) = postSolution
		SolutionGuid = {3597F7C9-F87E-409F-BEAD-0C533FCBC48A}
	EndGlobalSection
EndGlobal
